// !$*UTF8*$!
{
	archiveVersion = 1;
	classes = {
	};
	objectVersion = 50;
	objects = {

/* Begin PBXBuildFile section */
		0732AB825F3976B7652F7F15 /* Pods_ValleyDemo.framework in Frameworks */ = {isa = PBXBuildFile; fileRef = 52D3EEE9C05D393D38444056 /* Pods_ValleyDemo.framework */; };
		ADC70118216C65C8000637F3 /* AppDelegate.swift in Sources */ = {isa = PBXBuildFile; fileRef = ADC70117216C65C8000637F3 /* AppDelegate.swift */; };
		ADC7011F216C65C9000637F3 /* Assets.xcassets in Resources */ = {isa = PBXBuildFile; fileRef = ADC7011E216C65C9000637F3 /* Assets.xcassets */; };
		ADC70122216C65C9000637F3 /* LaunchScreen.storyboard in Resources */ = {isa = PBXBuildFile; fileRef = ADC70120216C65C9000637F3 /* LaunchScreen.storyboard */; };
		ADFD6284216C684B002EA694 /* CardCollectionViewCell.xib in Resources */ = {isa = PBXBuildFile; fileRef = ADFD6281216C684B002EA694 /* CardCollectionViewCell.xib */; };
		ADFD6286216C684B002EA694 /* CardCollectionViewCell.swift in Sources */ = {isa = PBXBuildFile; fileRef = ADFD6283216C684B002EA694 /* CardCollectionViewCell.swift */; };
		ADFD6288216C6862002EA694 /* HomeViewController.swift in Sources */ = {isa = PBXBuildFile; fileRef = ADFD6287216C6862002EA694 /* HomeViewController.swift */; };
		ADFD628A216C687B002EA694 /* Main.storyboard in Resources */ = {isa = PBXBuildFile; fileRef = ADFD6289216C687B002EA694 /* Main.storyboard */; };
		ADFD6290216C6D30002EA694 /* HomeModel.swift in Sources */ = {isa = PBXBuildFile; fileRef = ADFD628F216C6D30002EA694 /* HomeModel.swift */; };
		ADFD6292216C6DEF002EA694 /* Endpoints.swift in Sources */ = {isa = PBXBuildFile; fileRef = ADFD6291216C6DEF002EA694 /* Endpoints.swift */; };
		ADFD6294216C71E9002EA694 /* HomeItem.swift in Sources */ = {isa = PBXBuildFile; fileRef = ADFD6293216C71E9002EA694 /* HomeItem.swift */; };
/* End PBXBuildFile section */

/* Begin PBXFileReference section */
		52D3EEE9C05D393D38444056 /* Pods_ValleyDemo.framework */ = {isa = PBXFileReference; explicitFileType = wrapper.framework; includeInIndex = 0; path = Pods_ValleyDemo.framework; sourceTree = BUILT_PRODUCTS_DIR; };
		7D753A42233C91F428F31E9C /* Pods-ValleyDemo.release.xcconfig */ = {isa = PBXFileReference; includeInIndex = 1; lastKnownFileType = text.xcconfig; name = "Pods-ValleyDemo.release.xcconfig"; path = "Pods/Target Support Files/Pods-ValleyDemo/Pods-ValleyDemo.release.xcconfig"; sourceTree = "<group>"; };
		ADC70114216C65C8000637F3 /* ValleyDemo.app */ = {isa = PBXFileReference; explicitFileType = wrapper.application; includeInIndex = 0; path = ValleyDemo.app; sourceTree = BUILT_PRODUCTS_DIR; };
		ADC70117216C65C8000637F3 /* AppDelegate.swift */ = {isa = PBXFileReference; lastKnownFileType = sourcecode.swift; path = AppDelegate.swift; sourceTree = "<group>"; };
		ADC7011E216C65C9000637F3 /* Assets.xcassets */ = {isa = PBXFileReference; lastKnownFileType = folder.assetcatalog; path = Assets.xcassets; sourceTree = "<group>"; };
		ADC70121216C65C9000637F3 /* Base */ = {isa = PBXFileReference; lastKnownFileType = file.storyboard; name = Base; path = Base.lproj/LaunchScreen.storyboard; sourceTree = "<group>"; };
		ADC70123216C65C9000637F3 /* Info.plist */ = {isa = PBXFileReference; lastKnownFileType = text.plist.xml; path = Info.plist; sourceTree = "<group>"; };
		ADFD6281216C684B002EA694 /* CardCollectionViewCell.xib */ = {isa = PBXFileReference; fileEncoding = 4; lastKnownFileType = file.xib; path = CardCollectionViewCell.xib; sourceTree = "<group>"; };
		ADFD6283216C684B002EA694 /* CardCollectionViewCell.swift */ = {isa = PBXFileReference; fileEncoding = 4; lastKnownFileType = sourcecode.swift; path = CardCollectionViewCell.swift; sourceTree = "<group>"; };
		ADFD6287216C6862002EA694 /* HomeViewController.swift */ = {isa = PBXFileReference; fileEncoding = 4; lastKnownFileType = sourcecode.swift; path = HomeViewController.swift; sourceTree = "<group>"; };
		ADFD6289216C687B002EA694 /* Main.storyboard */ = {isa = PBXFileReference; fileEncoding = 4; lastKnownFileType = file.storyboard; path = Main.storyboard; sourceTree = "<group>"; };
		ADFD628F216C6D30002EA694 /* HomeModel.swift */ = {isa = PBXFileReference; lastKnownFileType = sourcecode.swift; path = HomeModel.swift; sourceTree = "<group>"; };
		ADFD6291216C6DEF002EA694 /* Endpoints.swift */ = {isa = PBXFileReference; lastKnownFileType = sourcecode.swift; path = Endpoints.swift; sourceTree = "<group>"; };
		ADFD6293216C71E9002EA694 /* HomeItem.swift */ = {isa = PBXFileReference; lastKnownFileType = sourcecode.swift; path = HomeItem.swift; sourceTree = "<group>"; };
		FC1B0F7621CF356C87695165 /* Pods-ValleyDemo.debug.xcconfig */ = {isa = PBXFileReference; includeInIndex = 1; lastKnownFileType = text.xcconfig; name = "Pods-ValleyDemo.debug.xcconfig"; path = "Pods/Target Support Files/Pods-ValleyDemo/Pods-ValleyDemo.debug.xcconfig"; sourceTree = "<group>"; };
/* End PBXFileReference section */

/* Begin PBXFrameworksBuildPhase section */
		ADC70111216C65C8000637F3 /* Frameworks */ = {
			isa = PBXFrameworksBuildPhase;
			buildActionMask = 2147483647;
			files = (
				0732AB825F3976B7652F7F15 /* Pods_ValleyDemo.framework in Frameworks */,
			);
			runOnlyForDeploymentPostprocessing = 0;
		};
/* End PBXFrameworksBuildPhase section */

/* Begin PBXGroup section */
		28582A87EA20DBC81386B9D8 /* Frameworks */ = {
			isa = PBXGroup;
			children = (
				52D3EEE9C05D393D38444056 /* Pods_ValleyDemo.framework */,
			);
			name = Frameworks;
			sourceTree = "<group>";
		};
		ADC7010B216C65C8000637F3 = {
			isa = PBXGroup;
			children = (
				ADC70116216C65C8000637F3 /* ValleyDemo */,
				ADC70115216C65C8000637F3 /* Products */,
				C64D2438D93BD539194F1DDE /* Pods */,
				28582A87EA20DBC81386B9D8 /* Frameworks */,
			);
			sourceTree = "<group>";
		};
		ADC70115216C65C8000637F3 /* Products */ = {
			isa = PBXGroup;
			children = (
				ADC70114216C65C8000637F3 /* ValleyDemo.app */,
			);
			name = Products;
			sourceTree = "<group>";
		};
		ADC70116216C65C8000637F3 /* ValleyDemo */ = {
			isa = PBXGroup;
			children = (
				ADFD628B216C6932002EA694 /* Application */,
				ADC7011E216C65C9000637F3 /* Assets.xcassets */,
				ADFD628E216C6D18002EA694 /* Home */,
				ADFD6289216C687B002EA694 /* Main.storyboard */,
			);
			path = ValleyDemo;
			sourceTree = "<group>";
		};
		ADFD628B216C6932002EA694 /* Application */ = {
			isa = PBXGroup;
			children = (
				ADC70117216C65C8000637F3 /* AppDelegate.swift */,
				ADC70120216C65C9000637F3 /* LaunchScreen.storyboard */,
				ADC70123216C65C9000637F3 /* Info.plist */,
				ADFD6291216C6DEF002EA694 /* Endpoints.swift */,
			);
			path = Application;
			sourceTree = "<group>";
		};
		ADFD628E216C6D18002EA694 /* Home */ = {
			isa = PBXGroup;
			children = (
				ADFD6283216C684B002EA694 /* CardCollectionViewCell.swift */,
				ADFD628F216C6D30002EA694 /* HomeModel.swift */,
				ADFD6281216C684B002EA694 /* CardCollectionViewCell.xib */,
				ADFD6287216C6862002EA694 /* HomeViewController.swift */,
				ADFD6293216C71E9002EA694 /* HomeItem.swift */,
			);
			path = Home;
			sourceTree = "<group>";
		};
		C64D2438D93BD539194F1DDE /* Pods */ = {
			isa = PBXGroup;
			children = (
				FC1B0F7621CF356C87695165 /* Pods-ValleyDemo.debug.xcconfig */,
				7D753A42233C91F428F31E9C /* Pods-ValleyDemo.release.xcconfig */,
			);
			name = Pods;
			sourceTree = "<group>";
		};
/* End PBXGroup section */

/* Begin PBXNativeTarget section */
		ADC70113216C65C8000637F3 /* ValleyDemo */ = {
			isa = PBXNativeTarget;
			buildConfigurationList = ADC70126216C65C9000637F3 /* Build configuration list for PBXNativeTarget "ValleyDemo" */;
			buildPhases = (
				61BABE6A19E78937E12B2188 /* [CP] Check Pods Manifest.lock */,
				ADC70110216C65C8000637F3 /* Sources */,
				ADC70111216C65C8000637F3 /* Frameworks */,
				ADC70112216C65C8000637F3 /* Resources */,
				EE01182E3ED6AE0E65A1CDD0 /* [CP] Embed Pods Frameworks */,
			);
			buildRules = (
			);
			dependencies = (
			);
			name = ValleyDemo;
			productName = ValleyDemo;
			productReference = ADC70114216C65C8000637F3 /* ValleyDemo.app */;
			productType = "com.apple.product-type.application";
		};
/* End PBXNativeTarget section */

/* Begin PBXProject section */
		ADC7010C216C65C8000637F3 /* Project object */ = {
			isa = PBXProject;
			attributes = {
				LastSwiftUpdateCheck = 1000;
				LastUpgradeCheck = 1000;
				ORGANIZATIONNAME = "Luciano Bohrer";
				TargetAttributes = {
					ADC70113216C65C8000637F3 = {
						CreatedOnToolsVersion = 10.0;
					};
				};
			};
			buildConfigurationList = ADC7010F216C65C8000637F3 /* Build configuration list for PBXProject "ValleyDemo" */;
			compatibilityVersion = "Xcode 9.3";
			developmentRegion = en;
			hasScannedForEncodings = 0;
			knownRegions = (
				en,
				Base,
			);
			mainGroup = ADC7010B216C65C8000637F3;
			productRefGroup = ADC70115216C65C8000637F3 /* Products */;
			projectDirPath = "";
			projectRoot = "";
			targets = (
				ADC70113216C65C8000637F3 /* ValleyDemo */,
			);
		};
/* End PBXProject section */

/* Begin PBXResourcesBuildPhase section */
		ADC70112216C65C8000637F3 /* Resources */ = {
			isa = PBXResourcesBuildPhase;
			buildActionMask = 2147483647;
			files = (
				ADFD6284216C684B002EA694 /* CardCollectionViewCell.xib in Resources */,
				ADC70122216C65C9000637F3 /* LaunchScreen.storyboard in Resources */,
				ADC7011F216C65C9000637F3 /* Assets.xcassets in Resources */,
				ADFD628A216C687B002EA694 /* Main.storyboard in Resources */,
			);
			runOnlyForDeploymentPostprocessing = 0;
		};
/* End PBXResourcesBuildPhase section */

/* Begin PBXShellScriptBuildPhase section */
		61BABE6A19E78937E12B2188 /* [CP] Check Pods Manifest.lock */ = {
			isa = PBXShellScriptBuildPhase;
			buildActionMask = 2147483647;
			files = (
			);
			inputFileListPaths = (
			);
			inputPaths = (
				"${PODS_PODFILE_DIR_PATH}/Podfile.lock",
				"${PODS_ROOT}/Manifest.lock",
			);
			name = "[CP] Check Pods Manifest.lock";
			outputFileListPaths = (
			);
			outputPaths = (
				"$(DERIVED_FILE_DIR)/Pods-ValleyDemo-checkManifestLockResult.txt",
			);
			runOnlyForDeploymentPostprocessing = 0;
			shellPath = /bin/sh;
			shellScript = "diff \"${PODS_PODFILE_DIR_PATH}/Podfile.lock\" \"${PODS_ROOT}/Manifest.lock\" > /dev/null\nif [ $? != 0 ] ; then\n    # print error to STDERR\n    echo \"error: The sandbox is not in sync with the Podfile.lock. Run 'pod install' or update your CocoaPods installation.\" >&2\n    exit 1\nfi\n# This output is used by Xcode 'outputs' to avoid re-running this script phase.\necho \"SUCCESS\" > \"${SCRIPT_OUTPUT_FILE_0}\"\n";
			showEnvVarsInLog = 0;
		};
		EE01182E3ED6AE0E65A1CDD0 /* [CP] Embed Pods Frameworks */ = {
			isa = PBXShellScriptBuildPhase;
			buildActionMask = 2147483647;
			files = (
			);
			inputFileListPaths = (
			);
			inputPaths = (
				"${SRCROOT}/Pods/Target Support Files/Pods-ValleyDemo/Pods-ValleyDemo-frameworks.sh",
				"${BUILT_PRODUCTS_DIR}/Valley/Valley.framework",
			);
			name = "[CP] Embed Pods Frameworks";
			outputFileListPaths = (
			);
			outputPaths = (
				"${TARGET_BUILD_DIR}/${FRAMEWORKS_FOLDER_PATH}/Valley.framework",
			);
			runOnlyForDeploymentPostprocessing = 0;
			shellPath = /bin/sh;
			shellScript = "\"${SRCROOT}/Pods/Target Support Files/Pods-ValleyDemo/Pods-ValleyDemo-frameworks.sh\"\n";
			showEnvVarsInLog = 0;
		};
/* End PBXShellScriptBuildPhase section */

/* Begin PBXSourcesBuildPhase section */
		ADC70110216C65C8000637F3 /* Sources */ = {
			isa = PBXSourcesBuildPhase;
			buildActionMask = 2147483647;
			files = (
				ADFD6290216C6D30002EA694 /* HomeModel.swift in Sources */,
				ADFD6294216C71E9002EA694 /* HomeItem.swift in Sources */,
				ADFD6288216C6862002EA694 /* HomeViewController.swift in Sources */,
				ADFD6286216C684B002EA694 /* CardCollectionViewCell.swift in Sources */,
				ADC70118216C65C8000637F3 /* AppDelegate.swift in Sources */,
				ADFD6292216C6DEF002EA694 /* Endpoints.swift in Sources */,
			);
			runOnlyForDeploymentPostprocessing = 0;
		};
/* End PBXSourcesBuildPhase section */

/* Begin PBXVariantGroup section */
		ADC70120216C65C9000637F3 /* LaunchScreen.storyboard */ = {
			isa = PBXVariantGroup;
			children = (
				ADC70121216C65C9000637F3 /* Base */,
			);
			name = LaunchScreen.storyboard;
			sourceTree = "<group>";
		};
/* End PBXVariantGroup section */

/* Begin XCBuildConfiguration section */
		ADC70124216C65C9000637F3 /* Debug */ = {
			isa = XCBuildConfiguration;
			buildSettings = {
				ALWAYS_SEARCH_USER_PATHS = NO;
				CLANG_ANALYZER_NONNULL = YES;
				CLANG_ANALYZER_NUMBER_OBJECT_CONVERSION = YES_AGGRESSIVE;
				CLANG_CXX_LANGUAGE_STANDARD = "gnu++14";
				CLANG_CXX_LIBRARY = "libc++";
				CLANG_ENABLE_MODULES = YES;
				CLANG_ENABLE_OBJC_ARC = YES;
				CLANG_ENABLE_OBJC_WEAK = YES;
				CLANG_WARN_BLOCK_CAPTURE_AUTORELEASING = YES;
				CLANG_WARN_BOOL_CONVERSION = YES;
				CLANG_WARN_COMMA = YES;
				CLANG_WARN_CONSTANT_CONVERSION = YES;
				CLANG_WARN_DEPRECATED_OBJC_IMPLEMENTATIONS = YES;
				CLANG_WARN_DIRECT_OBJC_ISA_USAGE = YES_ERROR;
				CLANG_WARN_DOCUMENTATION_COMMENTS = YES;
				CLANG_WARN_EMPTY_BODY = YES;
				CLANG_WARN_ENUM_CONVERSION = YES;
				CLANG_WARN_INFINITE_RECURSION = YES;
				CLANG_WARN_INT_CONVERSION = YES;
				CLANG_WARN_NON_LITERAL_NULL_CONVERSION = YES;
				CLANG_WARN_OBJC_IMPLICIT_RETAIN_SELF = YES;
				CLANG_WARN_OBJC_LITERAL_CONVERSION = YES;
				CLANG_WARN_OBJC_ROOT_CLASS = YES_ERROR;
				CLANG_WARN_RANGE_LOOP_ANALYSIS = YES;
				CLANG_WARN_STRICT_PROTOTYPES = YES;
				CLANG_WARN_SUSPICIOUS_MOVE = YES;
				CLANG_WARN_UNGUARDED_AVAILABILITY = YES_AGGRESSIVE;
				CLANG_WARN_UNREACHABLE_CODE = YES;
				CLANG_WARN__DUPLICATE_METHOD_MATCH = YES;
				CODE_SIGN_IDENTITY = "iPhone Developer";
				COPY_PHASE_STRIP = NO;
				DEBUG_INFORMATION_FORMAT = dwarf;
				ENABLE_STRICT_OBJC_MSGSEND = YES;
				ENABLE_TESTABILITY = YES;
				GCC_C_LANGUAGE_STANDARD = gnu11;
				GCC_DYNAMIC_NO_PIC = NO;
				GCC_NO_COMMON_BLOCKS = YES;
				GCC_OPTIMIZATION_LEVEL = 0;
				GCC_PREPROCESSOR_DEFINITIONS = (
					"DEBUG=1",
					"$(inherited)",
				);
				GCC_WARN_64_TO_32_BIT_CONVERSION = YES;
				GCC_WARN_ABOUT_RETURN_TYPE = YES_ERROR;
				GCC_WARN_UNDECLARED_SELECTOR = YES;
				GCC_WARN_UNINITIALIZED_AUTOS = YES_AGGRESSIVE;
				GCC_WARN_UNUSED_FUNCTION = YES;
				GCC_WARN_UNUSED_VARIABLE = YES;
				IPHONEOS_DEPLOYMENT_TARGET = 12.0;
				MTL_ENABLE_DEBUG_INFO = INCLUDE_SOURCE;
				MTL_FAST_MATH = YES;
				ONLY_ACTIVE_ARCH = YES;
				SDKROOT = iphoneos;
				SWIFT_ACTIVE_COMPILATION_CONDITIONS = DEBUG;
				SWIFT_OPTIMIZATION_LEVEL = "-Onone";
			};
			name = Debug;
		};
		ADC70125216C65C9000637F3 /* Release */ = {
			isa = XCBuildConfiguration;
			buildSettings = {
				ALWAYS_SEARCH_USER_PATHS = NO;
				CLANG_ANALYZER_NONNULL = YES;
				CLANG_ANALYZER_NUMBER_OBJECT_CONVERSION = YES_AGGRESSIVE;
				CLANG_CXX_LANGUAGE_STANDARD = "gnu++14";
				CLANG_CXX_LIBRARY = "libc++";
				CLANG_ENABLE_MODULES = YES;
				CLANG_ENABLE_OBJC_ARC = YES;
				CLANG_ENABLE_OBJC_WEAK = YES;
				CLANG_WARN_BLOCK_CAPTURE_AUTORELEASING = YES;
				CLANG_WARN_BOOL_CONVERSION = YES;
				CLANG_WARN_COMMA = YES;
				CLANG_WARN_CONSTANT_CONVERSION = YES;
				CLANG_WARN_DEPRECATED_OBJC_IMPLEMENTATIONS = YES;
				CLANG_WARN_DIRECT_OBJC_ISA_USAGE = YES_ERROR;
				CLANG_WARN_DOCUMENTATION_COMMENTS = YES;
				CLANG_WARN_EMPTY_BODY = YES;
				CLANG_WARN_ENUM_CONVERSION = YES;
				CLANG_WARN_INFINITE_RECURSION = YES;
				CLANG_WARN_INT_CONVERSION = YES;
				CLANG_WARN_NON_LITERAL_NULL_CONVERSION = YES;
				CLANG_WARN_OBJC_IMPLICIT_RETAIN_SELF = YES;
				CLANG_WARN_OBJC_LITERAL_CONVERSION = YES;
				CLANG_WARN_OBJC_ROOT_CLASS = YES_ERROR;
				CLANG_WARN_RANGE_LOOP_ANALYSIS = YES;
				CLANG_WARN_STRICT_PROTOTYPES = YES;
				CLANG_WARN_SUSPICIOUS_MOVE = YES;
				CLANG_WARN_UNGUARDED_AVAILABILITY = YES_AGGRESSIVE;
				CLANG_WARN_UNREACHABLE_CODE = YES;
				CLANG_WARN__DUPLICATE_METHOD_MATCH = YES;
				CODE_SIGN_IDENTITY = "iPhone Developer";
				COPY_PHASE_STRIP = NO;
				DEBUG_INFORMATION_FORMAT = "dwarf-with-dsym";
				ENABLE_NS_ASSERTIONS = NO;
				ENABLE_STRICT_OBJC_MSGSEND = YES;
				GCC_C_LANGUAGE_STANDARD = gnu11;
				GCC_NO_COMMON_BLOCKS = YES;
				GCC_WARN_64_TO_32_BIT_CONVERSION = YES;
				GCC_WARN_ABOUT_RETURN_TYPE = YES_ERROR;
				GCC_WARN_UNDECLARED_SELECTOR = YES;
				GCC_WARN_UNINITIALIZED_AUTOS = YES_AGGRESSIVE;
				GCC_WARN_UNUSED_FUNCTION = YES;
				GCC_WARN_UNUSED_VARIABLE = YES;
				IPHONEOS_DEPLOYMENT_TARGET = 12.0;
				MTL_ENABLE_DEBUG_INFO = NO;
				MTL_FAST_MATH = YES;
				SDKROOT = iphoneos;
				SWIFT_COMPILATION_MODE = wholemodule;
				SWIFT_OPTIMIZATION_LEVEL = "-O";
				VALIDATE_PRODUCT = YES;
			};
			name = Release;
		};
		ADC70127216C65C9000637F3 /* Debug */ = {
			isa = XCBuildConfiguration;
			baseConfigurationReference = FC1B0F7621CF356C87695165 /* Pods-ValleyDemo.debug.xcconfig */;
			buildSettings = {
				ASSETCATALOG_COMPILER_APPICON_NAME = AppIcon;
				CODE_SIGN_STYLE = Automatic;
				DEVELOPMENT_TEAM = J9EPMQT7JV;
				INFOPLIST_FILE = "$(SRCROOT)/ValleyDemo/Application/Info.plist";
				LD_RUNPATH_SEARCH_PATHS = (
					"$(inherited)",
					"@executable_path/Frameworks",
				);
				PRODUCT_BUNDLE_IDENTIFIER = work.luciano.ValleyDemo;
				PRODUCT_NAME = "$(TARGET_NAME)";
				SWIFT_VERSION = 4.2;
				TARGETED_DEVICE_FAMILY = "1,2";
			};
			name = Debug;
		};
		ADC70128216C65C9000637F3 /* Release */ = {
			isa = XCBuildConfiguration;
			baseConfigurationReference = 7D753A42233C91F428F31E9C /* Pods-ValleyDemo.release.xcconfig */;
			buildSettings = {
				ASSETCATALOG_COMPILER_APPICON_NAME = AppIcon;
				CODE_SIGN_STYLE = Automatic;
				DEVELOPMENT_TEAM = J9EPMQT7JV;
				INFOPLIST_FILE = "$(SRCROOT)/ValleyDemo/Application/Info.plist";
				LD_RUNPATH_SEARCH_PATHS = (
					"$(inherited)",
					"@executable_path/Frameworks",
				);
				PRODUCT_BUNDLE_IDENTIFIER = work.luciano.ValleyDemo;
				PRODUCT_NAME = "$(TARGET_NAME)";
				SWIFT_VERSION = 4.2;
				TARGETED_DEVICE_FAMILY = "1,2";
			};
			name = Release;
		};
/* End XCBuildConfiguration section */

/* Begin XCConfigurationList section */
		ADC7010F216C65C8000637F3 /* Build configuration list for PBXProject "ValleyDemo" */ = {
			isa = XCConfigurationList;
			buildConfigurations = (
				ADC70124216C65C9000637F3 /* Debug */,
				ADC70125216C65C9000637F3 /* Release */,
			);
			defaultConfigurationIsVisible = 0;
			defaultConfigurationName = Release;
		};
		ADC70126216C65C9000637F3 /* Build configuration list for PBXNativeTarget "ValleyDemo" */ = {
			isa = XCConfigurationList;
			buildConfigurations = (
				ADC70127216C65C9000637F3 /* Debug */,
				ADC70128216C65C9000637F3 /* Release */,
			);
			defaultConfigurationIsVisible = 0;
			defaultConfigurationName = Release;
		};
/* End XCConfigurationList section */
	};
	rootObject = ADC7010C216C65C8000637F3 /* Project object */;
}
