// !$*UTF8*$!
{
	archiveVersion = 1;
	classes = {
	};
	objectVersion = 50;
	objects = {

/* Begin PBXBuildFile section */
		AD2409BB2169376900BEF7CB /* Valley.framework in Frameworks */ = {isa = PBXBuildFile; fileRef = AD2409B12169376900BEF7CB /* Valley.framework */; };
		AD2409C02169376900BEF7CB /* ValleyCacheTests.swift in Sources */ = {isa = PBXBuildFile; fileRef = AD2409BF2169376900BEF7CB /* ValleyCacheTests.swift */; };
		AD2409C22169376900BEF7CB /* Valley.h in Headers */ = {isa = PBXBuildFile; fileRef = AD2409B42169376900BEF7CB /* Valley.h */; settings = {ATTRIBUTES = (Public, ); }; };
		AD2409EA21694B2700BEF7CB /* ValleyCache.swift in Sources */ = {isa = PBXBuildFile; fileRef = AD2409E921694B2700BEF7CB /* ValleyCache.swift */; };
		AD2409EF2169526000BEF7CB /* ValleyDownloader.swift in Sources */ = {isa = PBXBuildFile; fileRef = AD2409EE2169522D00BEF7CB /* ValleyDownloader.swift */; };
		AD2409F1216952C900BEF7CB /* UIImageView+Valley.swift in Sources */ = {isa = PBXBuildFile; fileRef = AD2409F0216952C900BEF7CB /* UIImageView+Valley.swift */; };
		AD2409F3216953A500BEF7CB /* Valley.swift in Sources */ = {isa = PBXBuildFile; fileRef = AD2409F2216953A500BEF7CB /* Valley.swift */; };
		AD328F33216C510200D40A60 /* json-sample.json in Resources */ = {isa = PBXBuildFile; fileRef = AD328F32216C510200D40A60 /* json-sample.json */; };
		AD328F34216C510200D40A60 /* json-sample.json in Resources */ = {isa = PBXBuildFile; fileRef = AD328F32216C510200D40A60 /* json-sample.json */; };
		ADAC43E1216C00EA00466CDB /* ValleyDownloaderTests.swift in Sources */ = {isa = PBXBuildFile; fileRef = ADAC43E0216C00EA00466CDB /* ValleyDownloaderTests.swift */; };
		ADAC43E9216C07CB00466CDB /* image-sample.jpeg in Resources */ = {isa = PBXBuildFile; fileRef = ADAC43E7216C078F00466CDB /* image-sample.jpeg */; };
		ADAC43EA216C09AF00466CDB /* image-sample.jpeg in Resources */ = {isa = PBXBuildFile; fileRef = ADAC43E7216C078F00466CDB /* image-sample.jpeg */; };
		ADE7FD37216B1995003E1368 /* ValleyFile.swift in Sources */ = {isa = PBXBuildFile; fileRef = ADE7FD36216B1995003E1368 /* ValleyFile.swift */; };
/* End PBXBuildFile section */

/* Begin PBXContainerItemProxy section */
		AD2409BC2169376900BEF7CB /* PBXContainerItemProxy */ = {
			isa = PBXContainerItemProxy;
			containerPortal = AD2409A82169376900BEF7CB /* Project object */;
			proxyType = 1;
			remoteGlobalIDString = AD2409B02169376900BEF7CB;
			remoteInfo = Valley;
		};
/* End PBXContainerItemProxy section */

/* Begin PBXFileReference section */
		AD2409B12169376900BEF7CB /* Valley.framework */ = {isa = PBXFileReference; explicitFileType = wrapper.framework; includeInIndex = 0; path = Valley.framework; sourceTree = BUILT_PRODUCTS_DIR; };
		AD2409B42169376900BEF7CB /* Valley.h */ = {isa = PBXFileReference; lastKnownFileType = sourcecode.c.h; path = Valley.h; sourceTree = "<group>"; };
		AD2409B52169376900BEF7CB /* Info.plist */ = {isa = PBXFileReference; lastKnownFileType = text.plist.xml; path = Info.plist; sourceTree = "<group>"; };
		AD2409BA2169376900BEF7CB /* ValleyTests.xctest */ = {isa = PBXFileReference; explicitFileType = wrapper.cfbundle; includeInIndex = 0; path = ValleyTests.xctest; sourceTree = BUILT_PRODUCTS_DIR; };
		AD2409BF2169376900BEF7CB /* ValleyCacheTests.swift */ = {isa = PBXFileReference; lastKnownFileType = sourcecode.swift; path = ValleyCacheTests.swift; sourceTree = "<group>"; };
		AD2409C12169376900BEF7CB /* Info.plist */ = {isa = PBXFileReference; lastKnownFileType = text.plist.xml; path = Info.plist; sourceTree = "<group>"; };
		AD2409E921694B2700BEF7CB /* ValleyCache.swift */ = {isa = PBXFileReference; fileEncoding = 4; lastKnownFileType = sourcecode.swift; path = ValleyCache.swift; sourceTree = "<group>"; };
		AD2409EE2169522D00BEF7CB /* ValleyDownloader.swift */ = {isa = PBXFileReference; fileEncoding = 4; lastKnownFileType = sourcecode.swift; path = ValleyDownloader.swift; sourceTree = "<group>"; };
		AD2409F0216952C900BEF7CB /* UIImageView+Valley.swift */ = {isa = PBXFileReference; fileEncoding = 4; lastKnownFileType = sourcecode.swift; path = "UIImageView+Valley.swift"; sourceTree = "<group>"; };
		AD2409F2216953A500BEF7CB /* Valley.swift */ = {isa = PBXFileReference; fileEncoding = 4; lastKnownFileType = sourcecode.swift; path = Valley.swift; sourceTree = "<group>"; };
		AD328F32216C510200D40A60 /* json-sample.json */ = {isa = PBXFileReference; lastKnownFileType = text.json; path = "json-sample.json"; sourceTree = "<group>"; };
		ADAC43E0216C00EA00466CDB /* ValleyDownloaderTests.swift */ = {isa = PBXFileReference; lastKnownFileType = sourcecode.swift; path = ValleyDownloaderTests.swift; sourceTree = "<group>"; };
		ADAC43E7216C078F00466CDB /* image-sample.jpeg */ = {isa = PBXFileReference; lastKnownFileType = image.jpeg; path = "image-sample.jpeg"; sourceTree = "<group>"; };
		ADE7FD36216B1995003E1368 /* ValleyFile.swift */ = {isa = PBXFileReference; lastKnownFileType = sourcecode.swift; path = ValleyFile.swift; sourceTree = "<group>"; };
/* End PBXFileReference section */

/* Begin PBXFrameworksBuildPhase section */
		AD2409AE2169376900BEF7CB /* Frameworks */ = {
			isa = PBXFrameworksBuildPhase;
			buildActionMask = 2147483647;
			files = (
			);
			runOnlyForDeploymentPostprocessing = 0;
		};
		AD2409B72169376900BEF7CB /* Frameworks */ = {
			isa = PBXFrameworksBuildPhase;
			buildActionMask = 2147483647;
			files = (
				AD2409BB2169376900BEF7CB /* Valley.framework in Frameworks */,
			);
			runOnlyForDeploymentPostprocessing = 0;
		};
/* End PBXFrameworksBuildPhase section */

/* Begin PBXGroup section */
		AD2409A72169376900BEF7CB = {
			isa = PBXGroup;
			children = (
				AD2409B32169376900BEF7CB /* Valley */,
				AD2409BE2169376900BEF7CB /* ValleyTests */,
				AD2409B22169376900BEF7CB /* Products */,
			);
			sourceTree = "<group>";
		};
		AD2409B22169376900BEF7CB /* Products */ = {
			isa = PBXGroup;
			children = (
				AD2409B12169376900BEF7CB /* Valley.framework */,
				AD2409BA2169376900BEF7CB /* ValleyTests.xctest */,
			);
			name = Products;
			sourceTree = "<group>";
		};
		AD2409B32169376900BEF7CB /* Valley */ = {
			isa = PBXGroup;
			children = (
				AD2409CB216937B500BEF7CB /* Application */,
				AD2409E821694AEB00BEF7CB /* Source */,
			);
			path = Valley;
			sourceTree = "<group>";
		};
		AD2409BE2169376900BEF7CB /* ValleyTests */ = {
			isa = PBXGroup;
			children = (
				ADAC43E4216C066100466CDB /* Samples */,
				AD2409BF2169376900BEF7CB /* ValleyCacheTests.swift */,
				ADAC43E0216C00EA00466CDB /* ValleyDownloaderTests.swift */,
				AD2409C12169376900BEF7CB /* Info.plist */,
			);
			path = ValleyTests;
			sourceTree = "<group>";
		};
		AD2409CB216937B500BEF7CB /* Application */ = {
			isa = PBXGroup;
			children = (
				AD2409B42169376900BEF7CB /* Valley.h */,
				AD2409B52169376900BEF7CB /* Info.plist */,
			);
			path = Application;
			sourceTree = "<group>";
		};
		AD2409E821694AEB00BEF7CB /* Source */ = {
			isa = PBXGroup;
			children = (
				AD2409F2216953A500BEF7CB /* Valley.swift */,
				AD2409EE2169522D00BEF7CB /* ValleyDownloader.swift */,
				AD2409F0216952C900BEF7CB /* UIImageView+Valley.swift */,
				ADE7FD36216B1995003E1368 /* ValleyFile.swift */,
				AD2409E921694B2700BEF7CB /* ValleyCache.swift */,
			);
			path = Source;
			sourceTree = "<group>";
		};
		ADAC43E4216C066100466CDB /* Samples */ = {
			isa = PBXGroup;
			children = (
				ADAC43E7216C078F00466CDB /* image-sample.jpeg */,
				AD328F32216C510200D40A60 /* json-sample.json */,
			);
			path = Samples;
			sourceTree = "<group>";
		};
/* End PBXGroup section */

/* Begin PBXHeadersBuildPhase section */
		AD2409AC2169376900BEF7CB /* Headers */ = {
			isa = PBXHeadersBuildPhase;
			buildActionMask = 2147483647;
			files = (
				AD2409C22169376900BEF7CB /* Valley.h in Headers */,
			);
			runOnlyForDeploymentPostprocessing = 0;
		};
/* End PBXHeadersBuildPhase section */

/* Begin PBXNativeTarget section */
		AD2409B02169376900BEF7CB /* Valley */ = {
			isa = PBXNativeTarget;
			buildConfigurationList = AD2409C52169376900BEF7CB /* Build configuration list for PBXNativeTarget "Valley" */;
			buildPhases = (
				AD2409AC2169376900BEF7CB /* Headers */,
				AD2409AD2169376900BEF7CB /* Sources */,
				AD2409AE2169376900BEF7CB /* Frameworks */,
				AD2409AF2169376900BEF7CB /* Resources */,
			);
			buildRules = (
			);
			dependencies = (
			);
			name = Valley;
			productName = Valley;
			productReference = AD2409B12169376900BEF7CB /* Valley.framework */;
			productType = "com.apple.product-type.framework";
		};
		AD2409B92169376900BEF7CB /* ValleyTests */ = {
			isa = PBXNativeTarget;
			buildConfigurationList = AD2409C82169376900BEF7CB /* Build configuration list for PBXNativeTarget "ValleyTests" */;
			buildPhases = (
				AD2409B62169376900BEF7CB /* Sources */,
				AD2409B72169376900BEF7CB /* Frameworks */,
				AD2409B82169376900BEF7CB /* Resources */,
			);
			buildRules = (
			);
			dependencies = (
				AD2409BD2169376900BEF7CB /* PBXTargetDependency */,
			);
			name = ValleyTests;
			productName = ValleyTests;
			productReference = AD2409BA2169376900BEF7CB /* ValleyTests.xctest */;
			productType = "com.apple.product-type.bundle.unit-test";
		};
/* End PBXNativeTarget section */

/* Begin PBXProject section */
		AD2409A82169376900BEF7CB /* Project object */ = {
			isa = PBXProject;
			attributes = {
				LastSwiftUpdateCheck = 1000;
				LastUpgradeCheck = 1000;
				ORGANIZATIONNAME = "Luciano Bohrer";
				TargetAttributes = {
					AD2409B02169376900BEF7CB = {
						CreatedOnToolsVersion = 10.0;
						LastSwiftMigration = 1000;
					};
					AD2409B92169376900BEF7CB = {
						CreatedOnToolsVersion = 10.0;
					};
				};
			};
			buildConfigurationList = AD2409AB2169376900BEF7CB /* Build configuration list for PBXProject "Valley" */;
			compatibilityVersion = "Xcode 9.3";
			developmentRegion = en;
			hasScannedForEncodings = 0;
			knownRegions = (
				en,
				Base,
			);
			mainGroup = AD2409A72169376900BEF7CB;
			productRefGroup = AD2409B22169376900BEF7CB /* Products */;
			projectDirPath = "";
			projectRoot = "";
			targets = (
				AD2409B02169376900BEF7CB /* Valley */,
				AD2409B92169376900BEF7CB /* ValleyTests */,
			);
		};
/* End PBXProject section */

/* Begin PBXResourcesBuildPhase section */
		AD2409AF2169376900BEF7CB /* Resources */ = {
			isa = PBXResourcesBuildPhase;
			buildActionMask = 2147483647;
			files = (
				ADAC43EA216C09AF00466CDB /* image-sample.jpeg in Resources */,
				AD328F33216C510200D40A60 /* json-sample.json in Resources */,
			);
			runOnlyForDeploymentPostprocessing = 0;
		};
		AD2409B82169376900BEF7CB /* Resources */ = {
			isa = PBXResourcesBuildPhase;
			buildActionMask = 2147483647;
			files = (
				ADAC43E9216C07CB00466CDB /* image-sample.jpeg in Resources */,
				AD328F34216C510200D40A60 /* json-sample.json in Resources */,
			);
			runOnlyForDeploymentPostprocessing = 0;
		};
/* End PBXResourcesBuildPhase section */

/* Begin PBXSourcesBuildPhase section */
		AD2409AD2169376900BEF7CB /* Sources */ = {
			isa = PBXSourcesBuildPhase;
			buildActionMask = 2147483647;
			files = (
				AD2409EA21694B2700BEF7CB /* ValleyCache.swift in Sources */,
				AD2409F3216953A500BEF7CB /* Valley.swift in Sources */,
				AD2409EF2169526000BEF7CB /* ValleyDownloader.swift in Sources */,
				AD2409F1216952C900BEF7CB /* UIImageView+Valley.swift in Sources */,
				ADE7FD37216B1995003E1368 /* ValleyFile.swift in Sources */,
			);
			runOnlyForDeploymentPostprocessing = 0;
		};
		AD2409B62169376900BEF7CB /* Sources */ = {
			isa = PBXSourcesBuildPhase;
			buildActionMask = 2147483647;
			files = (
				AD2409C02169376900BEF7CB /* ValleyCacheTests.swift in Sources */,
				ADAC43E1216C00EA00466CDB /* ValleyDownloaderTests.swift in Sources */,
			);
			runOnlyForDeploymentPostprocessing = 0;
		};
/* End PBXSourcesBuildPhase section */

/* Begin PBXTargetDependency section */
		AD2409BD2169376900BEF7CB /* PBXTargetDependency */ = {
			isa = PBXTargetDependency;
			target = AD2409B02169376900BEF7CB /* Valley */;
			targetProxy = AD2409BC2169376900BEF7CB /* PBXContainerItemProxy */;
		};
/* End PBXTargetDependency section */

/* Begin XCBuildConfiguration section */
		AD2409C32169376900BEF7CB /* Debug */ = {
			isa = XCBuildConfiguration;
			buildSettings = {
				ALWAYS_SEARCH_USER_PATHS = NO;
				CLANG_ANALYZER_NONNULL = YES;
				CLANG_ANALYZER_NUMBER_OBJECT_CONVERSION = YES_AGGRESSIVE;
				CLANG_CXX_LANGUAGE_STANDARD = "gnu++14";
				CLANG_CXX_LIBRARY = "libc++";
				CLANG_ENABLE_MODULES = YES;
				CLANG_ENABLE_OBJC_ARC = YES;
				CLANG_ENABLE_OBJC_WEAK = YES;
				CLANG_WARN_BLOCK_CAPTURE_AUTORELEASING = YES;
				CLANG_WARN_BOOL_CONVERSION = YES;
				CLANG_WARN_COMMA = YES;
				CLANG_WARN_CONSTANT_CONVERSION = YES;
				CLANG_WARN_DEPRECATED_OBJC_IMPLEMENTATIONS = YES;
				CLANG_WARN_DIRECT_OBJC_ISA_USAGE = YES_ERROR;
				CLANG_WARN_DOCUMENTATION_COMMENTS = YES;
				CLANG_WARN_EMPTY_BODY = YES;
				CLANG_WARN_ENUM_CONVERSION = YES;
				CLANG_WARN_INFINITE_RECURSION = YES;
				CLANG_WARN_INT_CONVERSION = YES;
				CLANG_WARN_NON_LITERAL_NULL_CONVERSION = YES;
				CLANG_WARN_OBJC_IMPLICIT_RETAIN_SELF = YES;
				CLANG_WARN_OBJC_LITERAL_CONVERSION = YES;
				CLANG_WARN_OBJC_ROOT_CLASS = YES_ERROR;
				CLANG_WARN_RANGE_LOOP_ANALYSIS = YES;
				CLANG_WARN_STRICT_PROTOTYPES = YES;
				CLANG_WARN_SUSPICIOUS_MOVE = YES;
				CLANG_WARN_UNGUARDED_AVAILABILITY = YES_AGGRESSIVE;
				CLANG_WARN_UNREACHABLE_CODE = YES;
				CLANG_WARN__DUPLICATE_METHOD_MATCH = YES;
				CODE_SIGN_IDENTITY = "iPhone Developer";
				COPY_PHASE_STRIP = NO;
				CURRENT_PROJECT_VERSION = 1;
				DEBUG_INFORMATION_FORMAT = dwarf;
				ENABLE_STRICT_OBJC_MSGSEND = YES;
				ENABLE_TESTABILITY = YES;
				GCC_C_LANGUAGE_STANDARD = gnu11;
				GCC_DYNAMIC_NO_PIC = NO;
				GCC_NO_COMMON_BLOCKS = YES;
				GCC_OPTIMIZATION_LEVEL = 0;
				GCC_PREPROCESSOR_DEFINITIONS = (
					"DEBUG=1",
					"$(inherited)",
				);
				GCC_WARN_64_TO_32_BIT_CONVERSION = YES;
				GCC_WARN_ABOUT_RETURN_TYPE = YES_ERROR;
				GCC_WARN_UNDECLARED_SELECTOR = YES;
				GCC_WARN_UNINITIALIZED_AUTOS = YES_AGGRESSIVE;
				GCC_WARN_UNUSED_FUNCTION = YES;
				GCC_WARN_UNUSED_VARIABLE = YES;
				IPHONEOS_DEPLOYMENT_TARGET = 12.0;
				MTL_ENABLE_DEBUG_INFO = INCLUDE_SOURCE;
				MTL_FAST_MATH = YES;
				ONLY_ACTIVE_ARCH = YES;
				SDKROOT = iphoneos;
				SWIFT_ACTIVE_COMPILATION_CONDITIONS = DEBUG;
				SWIFT_OPTIMIZATION_LEVEL = "-Onone";
				VERSIONING_SYSTEM = "apple-generic";
				VERSION_INFO_PREFIX = "";
			};
			name = Debug;
		};
		AD2409C42169376900BEF7CB /* Release */ = {
			isa = XCBuildConfiguration;
			buildSettings = {
				ALWAYS_SEARCH_USER_PATHS = NO;
				CLANG_ANALYZER_NONNULL = YES;
				CLANG_ANALYZER_NUMBER_OBJECT_CONVERSION = YES_AGGRESSIVE;
				CLANG_CXX_LANGUAGE_STANDARD = "gnu++14";
				CLANG_CXX_LIBRARY = "libc++";
				CLANG_ENABLE_MODULES = YES;
				CLANG_ENABLE_OBJC_ARC = YES;
				CLANG_ENABLE_OBJC_WEAK = YES;
				CLANG_WARN_BLOCK_CAPTURE_AUTORELEASING = YES;
				CLANG_WARN_BOOL_CONVERSION = YES;
				CLANG_WARN_COMMA = YES;
				CLANG_WARN_CONSTANT_CONVERSION = YES;
				CLANG_WARN_DEPRECATED_OBJC_IMPLEMENTATIONS = YES;
				CLANG_WARN_DIRECT_OBJC_ISA_USAGE = YES_ERROR;
				CLANG_WARN_DOCUMENTATION_COMMENTS = YES;
				CLANG_WARN_EMPTY_BODY = YES;
				CLANG_WARN_ENUM_CONVERSION = YES;
				CLANG_WARN_INFINITE_RECURSION = YES;
				CLANG_WARN_INT_CONVERSION = YES;
				CLANG_WARN_NON_LITERAL_NULL_CONVERSION = YES;
				CLANG_WARN_OBJC_IMPLICIT_RETAIN_SELF = YES;
				CLANG_WARN_OBJC_LITERAL_CONVERSION = YES;
				CLANG_WARN_OBJC_ROOT_CLASS = YES_ERROR;
				CLANG_WARN_RANGE_LOOP_ANALYSIS = YES;
				CLANG_WARN_STRICT_PROTOTYPES = YES;
				CLANG_WARN_SUSPICIOUS_MOVE = YES;
				CLANG_WARN_UNGUARDED_AVAILABILITY = YES_AGGRESSIVE;
				CLANG_WARN_UNREACHABLE_CODE = YES;
				CLANG_WARN__DUPLICATE_METHOD_MATCH = YES;
				CODE_SIGN_IDENTITY = "iPhone Developer";
				COPY_PHASE_STRIP = NO;
				CURRENT_PROJECT_VERSION = 1;
				DEBUG_INFORMATION_FORMAT = "dwarf-with-dsym";
				ENABLE_NS_ASSERTIONS = NO;
				ENABLE_STRICT_OBJC_MSGSEND = YES;
				GCC_C_LANGUAGE_STANDARD = gnu11;
				GCC_NO_COMMON_BLOCKS = YES;
				GCC_WARN_64_TO_32_BIT_CONVERSION = YES;
				GCC_WARN_ABOUT_RETURN_TYPE = YES_ERROR;
				GCC_WARN_UNDECLARED_SELECTOR = YES;
				GCC_WARN_UNINITIALIZED_AUTOS = YES_AGGRESSIVE;
				GCC_WARN_UNUSED_FUNCTION = YES;
				GCC_WARN_UNUSED_VARIABLE = YES;
				IPHONEOS_DEPLOYMENT_TARGET = 12.0;
				MTL_ENABLE_DEBUG_INFO = NO;
				MTL_FAST_MATH = YES;
				SDKROOT = iphoneos;
				SWIFT_COMPILATION_MODE = wholemodule;
				SWIFT_OPTIMIZATION_LEVEL = "-O";
				VALIDATE_PRODUCT = YES;
				VERSIONING_SYSTEM = "apple-generic";
				VERSION_INFO_PREFIX = "";
			};
			name = Release;
		};
		AD2409C62169376900BEF7CB /* Debug */ = {
			isa = XCBuildConfiguration;
			buildSettings = {
				CLANG_ENABLE_MODULES = YES;
				CODE_SIGN_IDENTITY = "iPhone Developer";
				CODE_SIGN_STYLE = Automatic;
				DEFINES_MODULE = YES;
				DEVELOPMENT_TEAM = J9EPMQT7JV;
				DYLIB_COMPATIBILITY_VERSION = 1;
				DYLIB_CURRENT_VERSION = 1;
				DYLIB_INSTALL_NAME_BASE = "@rpath";
				INFOPLIST_FILE = "$(SRCROOT)/Valley/Application/Info.plist";
				INSTALL_PATH = "$(LOCAL_LIBRARY_DIR)/Frameworks";
				IPHONEOS_DEPLOYMENT_TARGET = 10.0;
				LD_RUNPATH_SEARCH_PATHS = (
					"$(inherited)",
					"@executable_path/Frameworks",
					"@loader_path/Frameworks",
				);
				PRODUCT_BUNDLE_IDENTIFIER = work.luciano.Valley;
				PRODUCT_NAME = "$(TARGET_NAME:c99extidentifier)";
				SKIP_INSTALL = YES;
				SWIFT_OPTIMIZATION_LEVEL = "-Onone";
				SWIFT_VERSION = 4.2;
				TARGETED_DEVICE_FAMILY = "1,2";
			};
			name = Debug;
		};
		AD2409C72169376900BEF7CB /* Release */ = {
			isa = XCBuildConfiguration;
			buildSettings = {
				CLANG_ENABLE_MODULES = YES;
				CODE_SIGN_IDENTITY = "iPhone Developer";
				CODE_SIGN_STYLE = Automatic;
				DEFINES_MODULE = YES;
				DEVELOPMENT_TEAM = J9EPMQT7JV;
				DYLIB_COMPATIBILITY_VERSION = 1;
				DYLIB_CURRENT_VERSION = 1;
				DYLIB_INSTALL_NAME_BASE = "@rpath";
				INFOPLIST_FILE = "$(SRCROOT)/Valley/Application/Info.plist";
				INSTALL_PATH = "$(LOCAL_LIBRARY_DIR)/Frameworks";
				IPHONEOS_DEPLOYMENT_TARGET = 10.0;
				LD_RUNPATH_SEARCH_PATHS = (
					"$(inherited)",
					"@executable_path/Frameworks",
					"@loader_path/Frameworks",
				);
				PRODUCT_BUNDLE_IDENTIFIER = work.luciano.Valley;
				PRODUCT_NAME = "$(TARGET_NAME:c99extidentifier)";
				SKIP_INSTALL = YES;
				SWIFT_VERSION = 4.2;
				TARGETED_DEVICE_FAMILY = "1,2";
			};
			name = Release;
		};
		AD2409C92169376900BEF7CB /* Debug */ = {
			isa = XCBuildConfiguration;
			buildSettings = {
				ALWAYS_EMBED_SWIFT_STANDARD_LIBRARIES = YES;
				CODE_SIGN_STYLE = Automatic;
				DEVELOPMENT_TEAM = J9EPMQT7JV;
				INFOPLIST_FILE = ValleyTests/Info.plist;
				LD_RUNPATH_SEARCH_PATHS = (
					"$(inherited)",
					"@executable_path/Frameworks",
					"@loader_path/Frameworks",
				);
				PRODUCT_BUNDLE_IDENTIFIER = work.luciano.ValleyTests;
				PRODUCT_NAME = "$(TARGET_NAME)";
				SWIFT_VERSION = 4.2;
				TARGETED_DEVICE_FAMILY = "1,2";
			};
			name = Debug;
		};
		AD2409CA2169376900BEF7CB /* Release */ = {
			isa = XCBuildConfiguration;
			buildSettings = {
				ALWAYS_EMBED_SWIFT_STANDARD_LIBRARIES = YES;
				CODE_SIGN_STYLE = Automatic;
				DEVELOPMENT_TEAM = J9EPMQT7JV;
				INFOPLIST_FILE = ValleyTests/Info.plist;
				LD_RUNPATH_SEARCH_PATHS = (
					"$(inherited)",
					"@executable_path/Frameworks",
					"@loader_path/Frameworks",
				);
				PRODUCT_BUNDLE_IDENTIFIER = work.luciano.ValleyTests;
				PRODUCT_NAME = "$(TARGET_NAME)";
				SWIFT_VERSION = 4.2;
				TARGETED_DEVICE_FAMILY = "1,2";
			};
			name = Release;
		};
/* End XCBuildConfiguration section */

/* Begin XCConfigurationList section */
		AD2409AB2169376900BEF7CB /* Build configuration list for PBXProject "Valley" */ = {
			isa = XCConfigurationList;
			buildConfigurations = (
				AD2409C32169376900BEF7CB /* Debug */,
				AD2409C42169376900BEF7CB /* Release */,
			);
			defaultConfigurationIsVisible = 0;
			defaultConfigurationName = Release;
		};
		AD2409C52169376900BEF7CB /* Build configuration list for PBXNativeTarget "Valley" */ = {
			isa = XCConfigurationList;
			buildConfigurations = (
				AD2409C62169376900BEF7CB /* Debug */,
				AD2409C72169376900BEF7CB /* Release */,
			);
			defaultConfigurationIsVisible = 0;
			defaultConfigurationName = Release;
		};
		AD2409C82169376900BEF7CB /* Build configuration list for PBXNativeTarget "ValleyTests" */ = {
			isa = XCConfigurationList;
			buildConfigurations = (
				AD2409C92169376900BEF7CB /* Debug */,
				AD2409CA2169376900BEF7CB /* Release */,
			);
			defaultConfigurationIsVisible = 0;
			defaultConfigurationName = Release;
		};
/* End XCConfigurationList section */
	};
	rootObject = AD2409A82169376900BEF7CB /* Project object */;
}
